{
  "name": "story-spark-ai",
  "version": "1.0.0",
  "lockfileVersion": 3,
  "requires": true,
  "packages": {
    "": {
      "name": "story-spark-ai",
      "version": "1.0.0",
      "license": "MIT",
      "workspaces": [
        "frontend",
        "backend"
      ],
      "dependencies": {
        "@flaticon/flaticon-uicons": "^3.3.1",
        "bcryptjs": "^3.0.3",
        "framer-motion": "^12.40.0",
        "jspdf": "^4.2.1",
        "lucide-react": "^1.16.0",
        "socket.io": "^4.8.3"
      },
      "devDependencies": {
        "concurrently": "^9.1.2"
      },
      "engines": {
        "node": "20.x"
      }
    },
    "backend": {
      "name": "story-spark-ai-backend",
      "version": "1.0.0",
      "license": "MIT",
      "dependencies": {
        "@google/generative-ai": "^0.24.1",
        "bcryptjs": "^3.0.3",
        "cookie-parser": "^1.4.7",
        "cors": "^2.8.5",
        "dns": "^0.1.2",
        "dotenv": "^16.4.7",
        "express": "^4.21.1",
        "google-auth-library": "^10.6.2",
        "http-status": "^2.1.0",
        "jsonwebtoken": "^9.0.2",
        "mongoose": "^8.8.3",
        "multer": "^1.4.5-lts.1",
        "node-cron": "^4.2.1",
        "nodemailer": "^8.0.7",
        "openai": "^4.86.1",
        "razorpay": "^2.9.6",
        "socket.io": "^4.8.3",
        "uuid": "^11.1.0",
        "winston": "^3.19.0",
        "zod": "^3.24.2"
      },
      "devDependencies": {
        "@types/bcryptjs": "^3.0.0",
        "@types/cookie-parser": "^1.4.8",
        "@types/cors": "^2.8.17",
        "@types/express": "^4.17.21",
        "@types/jest": "^29.5.14",
        "@types/jsonwebtoken": "^9.0.7",
        "@types/multer": "^1.4.12",
        "@types/node-cron": "^3.0.11",
        "@types/nodemailer": "^6.4.17",
        "jest": "^29.7.0",
        "ts-jest": "^29.4.11",
        "ts-node": "^10.9.2",
        "ts-node-dev": "^2.0.0",
        "typescript": "^5.7.2"
      },
      "engines": {
        "node": "20.x"
      }
    },
    "backend/node_modules/@google/generative-ai": {},
    "backend/node_modules/@types/bcryptjs": {
      "dev": true
    },
    "backend/node_modules/@types/cookie-parser": {
      "dev": true
    },
    "backend/node_modules/@types/cors": {
      "dev": true
    },
    "backend/node_modules/@types/express": {
      "version": "4.17.25",
      "resolved": "https://registry.npmjs.org/@types/express/-/express-4.17.25.tgz",
      "integrity": "sha512-dVd04UKsfpINUnK0yBoYHDF3xu7xVH4BuDotC/xGuycx4CgbP48X/KF/586bcObxT0HENHXEU8Nqtu6NR+eKhw==",
      "dev": true,
      "license": "MIT",
      "dependencies": {
        "@types/body-parser": "*",
        "@types/express-serve-static-core": "^4.17.33",
        "@types/qs": "*",
        "@types/serve-static": "^1"
      }
    },
    "backend/node_modules/@types/express-serve-static-core": {
      "version": "4.19.8",
      "resolved": "https://registry.npmjs.org/@types/express-serve-static-core/-/express-serve-static-core-4.19.8.tgz",
      "integrity": "sha512-02S5fmqeoKzVZCHPZid4b8JH2eM5HzQLZWN2FohQEy/0eXTq8VXZfSN6Pcr3F6N9R/vNrj7cpgbhjie6m/1tCA==",
      "dev": true,
      "license": "MIT",
      "dependencies": {
        "@types/node": "*",
        "@types/qs": "*",
        "@types/range-parser": "*",
        "@types/send": "*"
      }
    },
    "backend/node_modules/@types/jest": {
      "dev": true
    },
    "backend/node_modules/@types/jsonwebtoken": {
      "dev": true
    },
    "backend/node_modules/@types/multer": {
      "dev": true
    },
    "backend/node_modules/@types/node-cron": {
      "dev": true
    },
    "backend/node_modules/@types/nodemailer": {
      "dev": true
    },
    "backend/node_modules/@types/send": {
      "version": "0.17.6",
      "resolved": "https://registry.npmjs.org/@types/send/-/send-0.17.6.tgz",
      "integrity": "sha512-Uqt8rPBE8SY0RK8JB1EzVOIZ32uqy8HwdxCnoCOsYrvnswqmFZ/k+9Ikidlk/ImhsdvBsloHbAlewb2IEBV/Og==",
      "dev": true,
      "license": "MIT",
      "dependencies": {
        "@types/mime": "^1",
        "@types/node": "*"
      }
    },
    "backend/node_modules/@types/serve-static": {
      "version": "1.15.10",
      "resolved": "https://registry.npmjs.org/@types/serve-static/-/serve-static-1.15.10.tgz",
      "integrity": "sha512-tRs1dB+g8Itk72rlSI2ZrW6vZg0YrLI81iQSTkMmOqnqCaNr/8Ek4VwWcN5vZgCYWbg/JJSGBlUaYGAOP73qBw==",
      "dev": true,
      "license": "MIT",
      "dependencies": {
        "@types/http-errors": "*",
        "@types/node": "*",
        "@types/send": "<1"
      }
    },
    "backend/node_modules/bcryptjs": {},
    "backend/node_modules/cookie-parser": {},
    "backend/node_modules/cors": {},
    "backend/node_modules/dns": {},
    "backend/node_modules/dotenv": {},
    "backend/node_modules/express": {},
    "backend/node_modules/google-auth-library": {},
    "backend/node_modules/http-status": {},
    "backend/node_modules/jest": {
      "dev": true
    },
    "backend/node_modules/jsonwebtoken": {},
    "backend/node_modules/mongoose": {},
    "backend/node_modules/multer": {},
    "backend/node_modules/node-cron": {},
    "backend/node_modules/nodemailer": {},
    "backend/node_modules/openai": {},
    "backend/node_modules/razorpay": {},
    "backend/node_modules/socket.io": {},
    "backend/node_modules/ts-jest": {
      "dev": true
    },
    "backend/node_modules/ts-node": {
      "dev": true
    },
    "backend/node_modules/ts-node-dev": {
      "dev": true
    },
    "backend/node_modules/typescript": {
      "dev": true
    },
    "frontend": {
      "name": "story-spark-ai-frontend",
      "version": "0.0.0",
      "license": "MIT",
      "dependencies": {
        "@emailjs/browser": "^4.4.1",
        "@fortawesome/fontawesome-free": "^6.7.2",
        "@fortawesome/fontawesome-svg-core": "^6.7.2",
        "@fortawesome/react-fontawesome": "^0.2.2",
        "@gsap/react": "^2.1.2",
        "@react-oauth/google": "^0.13.5",
        "@reduxjs/toolkit": "^2.6.1",
        "@tailwindcss/vite": "^4.0.6",
        "axios": "^1.8.2",
        "chart.js": "^4.4.9",
        "d3": "^7.9.0",
        "eventemitter3": "^5.0.4",
        "framer-motion": "^12.5.0",
        "gsap": "^3.15.0",
        "html2canvas": "^1.4.1",
        "jspdf": "^4.2.1",
        "jwt-decode": "^4.0.0",
        "lucide-react": "^1.16.0",
        "react": "^19.0.0",
        "react-chartjs-2": "^5.3.0",
        "react-dom": "^19.0.0",
        "react-hook-form": "^7.54.2",
        "react-hot-toast": "^2.5.2",
        "react-icons": "^5.6.0",
        "react-redux": "^9.2.0",
        "react-router-dom": "^6.29.0",
        "recharts": "^3.8.1",
        "socket.io-client": "^4.8.3",
        "tailwindcss": "^4.0.6"
      },
      "devDependencies": {
        "@eslint/js": "^9.19.0",
        "@types/d3": "^7.4.3",
        "@types/node": "^22.13.9",
        "@types/react": "^19.2.14",
        "@types/react-dom": "^19.2.3",
        "@vitejs/plugin-react": "^4.3.4",
        "eslint": "^9.19.0",
        "eslint-plugin-react-hooks": "^5.0.0",
        "eslint-plugin-react-refresh": "^0.4.18",
        "globals": "^15.14.0",
        "typescript": "~5.7.2",
        "typescript-eslint": "^8.22.0",
        "vite": "^6.1.0"
      },
      "engines": {
        "node": "20.x"
      },
      "optionalDependencies": {
        "@rollup/rollup-linux-x64-gnu": "^4.60.4",
        "lightningcss-linux-x64-gnu": "^1.32.0"
      }
    },
    "frontend/node_modules/@emailjs/browser": {},
    "frontend/node_modules/@eslint/js": {
      "dev": true
    },
    "frontend/node_modules/@fortawesome/fontawesome-free": {},
    "frontend/node_modules/@fortawesome/fontawesome-svg-core": {},
    "frontend/node_modules/@fortawesome/react-fontawesome": {},
    "frontend/node_modules/@gsap/react": {},
    "frontend/node_modules/@react-oauth/google": {},
    "frontend/node_modules/@reduxjs/toolkit": {
      "resolved": "node_modules/.pnpm/@reduxjs+toolkit@2.12.0_react-redux@9.3.0_@types+react@19.2.15_react@19.2.6_redux@5.0.1__react@19.2.6/node_modules/@reduxjs/toolkit",
      "link": true
    },
    "frontend/node_modules/@tailwindcss/vite": {},
    "frontend/node_modules/@types/d3": {
      "dev": true
    },
    "frontend/node_modules/@types/node": {
      "version": "22.19.19",
      "resolved": "https://registry.npmjs.org/@types/node/-/node-22.19.19.tgz",
      "integrity": "sha512-dyh/xO2Fh5bYrfWaaqGrRQQGkNdmYw6AmaAUvYeUMNTWQtvb796ikLdmTchRmOlOiIJ1TDXfWgVx1QkUlQ6Hew==",
      "dev": true,
      "license": "MIT",
      "dependencies": {
        "undici-types": "~6.21.0"
      }
    },
    "frontend/node_modules/@types/react": {
      "dev": true
    },
    "frontend/node_modules/@types/react-dom": {
      "dev": true
    },
    "frontend/node_modules/@vitejs/plugin-react": {
      "dev": true
    },
    "frontend/node_modules/axios": {},
    "frontend/node_modules/chart.js": {},
    "frontend/node_modules/d3": {},
    "frontend/node_modules/eslint": {
      "dev": true
    },
    "frontend/node_modules/eslint-plugin-react-hooks": {
      "dev": true
    },
    "frontend/node_modules/eslint-plugin-react-refresh": {
      "dev": true
    },
    "frontend/node_modules/eventemitter3": {},
    "frontend/node_modules/framer-motion": {},
    "frontend/node_modules/globals": {
      "dev": true
    },
    "frontend/node_modules/gsap": {},
    "frontend/node_modules/html2canvas": {},
    "frontend/node_modules/jspdf": {},
    "frontend/node_modules/jwt-decode": {},
    "frontend/node_modules/lucide-react": {},
    "frontend/node_modules/react": {},
    "frontend/node_modules/react-chartjs-2": {},
    "frontend/node_modules/react-dom": {},
    "frontend/node_modules/react-hook-form": {},
    "frontend/node_modules/react-hot-toast": {},
    "frontend/node_modules/react-icons": {},
    "frontend/node_modules/react-redux": {},
    "frontend/node_modules/react-router-dom": {},
    "frontend/node_modules/recharts": {},
    "frontend/node_modules/socket.io-client": {},
    "frontend/node_modules/tailwindcss": {},
    "frontend/node_modules/typescript": {
      "dev": true
    },
    "frontend/node_modules/typescript-eslint": {
      "dev": true
    },
    "node_modules/.pnpm/@reduxjs+toolkit@2.12.0_react-redux@9.3.0_@types+react@19.2.15_react@19.2.6_redux@5.0.1__react@19.2.6/node_modules/@reduxjs/toolkit": {},
    "node_modules/.pnpm/uuid@11.1.1/node_modules/uuid": {
      "version": "11.1.1",
      "extraneous": true,
      "funding": [
        "https://github.com/sponsors/broofa",
        "https://github.com/sponsors/ctavan"
      ],
      "license": "MIT",
      "bin": {
        "uuid": "dist/esm/bin/uuid"
      },
      "devDependencies": {
        "@babel/eslint-parser": "7.25.9",
        "@commitlint/cli": "19.6.1",
        "@commitlint/config-conventional": "19.6.0",
        "@eslint/js": "9.17.0",
        "@types/eslint__js": "8.42.3",
        "bundlewatch": "0.4.0",
        "commander": "12.1.0",
        "eslint": "9.17.0",
        "eslint-config-prettier": "9.1.0",
        "eslint-plugin-prettier": "5.2.1",
        "globals": "15.14.0",
        "husky": "9.1.7",
        "jest": "29.7.0",
        "lint-staged": "15.2.11",
        "neostandard": "0.12.0",
        "npm-run-all": "4.1.5",
        "prettier": "3.4.2",
        "release-please": "16.15.0",
        "runmd": "1.4.1",
        "standard-version": "9.5.0",
        "typescript": "5.0.4",
        "typescript-eslint": "8.18.2"
      }
    },
    "node_modules/.pnpm/vite@6.4.2_@types+node@22.19.19_jiti@2.7.0_lightningcss@1.32.0": {
      "extraneous": true
    },
    "node_modules/.pnpm/winston-transport@4.9.0": {
      "extraneous": true
    },
    "node_modules/.pnpm/winston@3.19.0": {
      "extraneous": true
    },
    "node_modules/.pnpm/zod@3.25.76/node_modules/zod": {
      "version": "3.25.76",
      "extraneous": true,
      "license": "MIT",
      "funding": {
        "url": "https://github.com/sponsors/colinhacks"
      }
    },
    "node_modules/@babel/runtime": {
      "version": "7.29.7",
      "license": "MIT",
      "engines": {
        "node": ">=6.9.0"
      }
    },
    "node_modules/@colors/colors": {
      "version": "1.6.0",
      "license": "MIT",
      "engines": {
        "node": ">=0.1.90"
      }
    },
    "node_modules/@dabh/diagnostics": {
      "version": "2.0.8",
      "license": "MIT",
      "dependencies": {
        "@so-ric/colorspace": "^1.1.6",
        "enabled": "2.0.x",
        "kuler": "^2.0.0"
      }
    },
    "node_modules/@esbuild/win32-x64": {
      "version": "0.25.12",
      "cpu": [
        "x64"
      ],
      "dev": true,
      "license": "MIT",
      "optional": true,
      "os": [
        "win32"
      ],
      "engines": {
        "node": ">=18"
      }
    },
    "node_modules/@flaticon/flaticon-uicons": {
      "version": "3.3.1",
      "resolved": "https://registry.npmjs.org/@flaticon/flaticon-uicons/-/flaticon-uicons-3.3.1.tgz",
      "integrity": "sha512-WN2zuECCdjuGBQrjzN0kpeSygzC5fgF8Q7pDR+FUuGtYWczSdIhIwoD+/fKBEfwqKfNIMZ1WouidevGQ4OJORg==",
      "license": "SEE LICENSE IN LICENSE",
      "optionalDependencies": {
        "esbuild-linux-64": "^0.14.5"
      }
    },
    "node_modules/@rollup/rollup-linux-x64-gnu": {
      "version": "4.60.4",
      "resolved": "https://registry.npmjs.org/@rollup/rollup-linux-x64-gnu/-/rollup-linux-x64-gnu-4.60.4.tgz",
      "integrity": "sha512-Boiz5+MsaROEWDf+GGEwF8VMHGhlUoQMtIPjOgA5fv4osupqTVnJteQNKJwUcnUog2G55jYXH7KZFFiJe0TEzQ==",
      "cpu": [
        "x64"
      ],
      "license": "MIT",
      "optional": true,
      "os": [
        "linux"
      ]
    },
    "node_modules/@rollup/rollup-win32-x64-gnu": {
      "version": "4.60.4",
      "cpu": [
        "x64"
      ],
      "dev": true,
      "license": "MIT",
      "optional": true,
      "os": [
        "win32"
      ]
    },
    "node_modules/@rollup/rollup-win32-x64-msvc": {
      "version": "4.60.4",
      "cpu": [
        "x64"
      ],
      "dev": true,
      "license": "MIT",
      "optional": true,
      "os": [
        "win32"
      ]
    },
    "node_modules/@so-ric/colorspace": {
      "version": "1.1.6",
      "license": "MIT",
      "dependencies": {
        "color": "^5.0.2",
        "text-hex": "1.0.x"
      }
    },
    "node_modules/@socket.io/component-emitter": {
      "version": "3.1.2",
      "license": "MIT"
    },
    "node_modules/@types/body-parser": {
      "version": "1.19.6",
      "dev": true,
      "license": "MIT",
      "dependencies": {
        "@types/connect": "*",
        "@types/node": "*"
      }
    },
    "node_modules/@types/connect": {
      "version": "3.4.38",
      "dev": true,
      "license": "MIT",
      "dependencies": {
        "@types/node": "*"
      }
    },
    "node_modules/@types/cors": {
      "version": "2.8.19",
      "license": "MIT",
      "dependencies": {
        "@types/node": "*"
      }
    },
    "node_modules/@types/http-errors": {
      "version": "2.0.5",
      "dev": true,
      "license": "MIT"
    },
    "node_modules/@types/mime": {
      "version": "1.3.5",
      "resolved": "https://registry.npmjs.org/@types/mime/-/mime-1.3.5.tgz",
      "integrity": "sha512-/pyBZWSLD2n0dcHE3hq8s8ZvcETHtEuF+3E7XVt0Ig2nvsVQXdghHVcEkIWjy9A0wKfTn97a/PSDYohKIlnP/w==",
      "dev": true,
      "license": "MIT"
    },
    "node_modules/@types/node": {
      "version": "25.9.1",
      "license": "MIT",
      "peer": true,
      "dependencies": {
        "undici-types": ">=7.24.0 <7.24.7"
      }
    },
    "node_modules/@types/node/node_modules/undici-types": {
      "version": "7.24.6",
      "license": "MIT"
    },
    "node_modules/@types/pako": {
      "version": "2.0.4",
      "license": "MIT"
    },
    "node_modules/@types/qs": {
      "version": "6.15.1",
      "dev": true,
      "license": "MIT"
    },
    "node_modules/@types/raf": {
      "version": "3.4.3",
      "license": "MIT",
      "optional": true
    },
    "node_modules/@types/range-parser": {
      "version": "1.2.7",
      "dev": true,
      "license": "MIT"
    },
    "node_modules/@types/triple-beam": {
      "version": "1.3.5",
      "license": "MIT"
    },
    "node_modules/@types/trusted-types": {
      "version": "2.0.7",
      "license": "MIT",
      "optional": true
    },
    "node_modules/@types/ws": {
      "version": "8.18.1",
      "license": "MIT",
      "dependencies": {
        "@types/node": "*"
      }
    },
    "node_modules/accepts": {
      "version": "1.3.8",
      "license": "MIT",
      "dependencies": {
        "mime-types": "~2.1.34",
        "negotiator": "0.6.3"
      },
      "engines": {
        "node": ">= 0.6"
      }
    },
    "node_modules/ansi-regex": {
      "version": "5.0.1",
      "dev": true,
      "license": "MIT",
      "engines": {
        "node": ">=8"
      }
    },
    "node_modules/ansi-styles": {
      "version": "4.3.0",
      "dev": true,
      "license": "MIT",
      "dependencies": {
        "color-convert": "^2.0.1"
      },
      "engines": {
        "node": ">=8"
      },
      "funding": {
        "url": "https://github.com/chalk/ansi-styles?sponsor=1"
      }
    },
    "node_modules/async": {
      "version": "3.2.6",
      "license": "MIT"
    },
    "node_modules/base64-arraybuffer": {
      "version": "1.0.2",
      "license": "MIT",
      "optional": true,
      "engines": {
        "node": ">= 0.6.0"
      }
    },
    "node_modules/base64id": {
      "version": "2.0.0",
      "license": "MIT",
      "engines": {
        "node": "^4.5.0 || >= 5.9"
      }
    },
    "node_modules/bcryptjs": {
      "version": "3.0.3",
      "resolved": "https://registry.npmjs.org/bcryptjs/-/bcryptjs-3.0.3.tgz",
      "integrity": "sha512-GlF5wPWnSa/X5LKM1o0wz0suXIINz1iHRLvTS+sLyi7XPbe5ycmYI3DlZqVGZZtDgl4DmasFg7gOB3JYbphV5g==",
      "license": "BSD-3-Clause",
      "bin": {
        "bcrypt": "bin/bcrypt"
      }
    },
    "node_modules/canvg": {
      "version": "3.0.11",
      "license": "MIT",
      "optional": true,
      "dependencies": {
        "@babel/runtime": "^7.12.5",
        "@types/raf": "^3.4.0",
        "core-js": "^3.8.3",
        "raf": "^3.4.1",
        "regenerator-runtime": "^0.13.7",
        "rgbcolor": "^1.0.1",
        "stackblur-canvas": "^2.0.0",
        "svg-pathdata": "^6.0.3"
      },
      "engines": {
        "node": ">=10.0.0"
      }
    },
    "node_modules/chalk": {
      "version": "4.1.2",
      "dev": true,
      "license": "MIT",
      "dependencies": {
        "ansi-styles": "^4.1.0",
        "supports-color": "^7.1.0"
      },
      "engines": {
        "node": ">=10"
      },
      "funding": {
        "url": "https://github.com/chalk/chalk?sponsor=1"
      }
    },
    "node_modules/chalk/node_modules/supports-color": {
      "version": "7.2.0",
      "dev": true,
      "license": "MIT",
      "dependencies": {
        "has-flag": "^4.0.0"
      },
      "engines": {
        "node": ">=8"
      }
    },
    "node_modules/cliui": {
      "version": "8.0.1",
      "dev": true,
      "license": "ISC",
      "dependencies": {
        "string-width": "^4.2.0",
        "strip-ansi": "^6.0.1",
        "wrap-ansi": "^7.0.0"
      },
      "engines": {
        "node": ">=12"
      }
    },
    "node_modules/color": {
      "version": "5.0.3",
      "license": "MIT",
      "dependencies": {
        "color-convert": "^3.1.3",
        "color-string": "^2.1.3"
      },
      "engines": {
        "node": ">=18"
      }
    },
    "node_modules/color-convert": {
      "version": "2.0.1",
      "dev": true,
      "license": "MIT",
      "dependencies": {
        "color-name": "~1.1.4"
      },
      "engines": {
        "node": ">=7.0.0"
      }
    },
    "node_modules/color-name": {
      "version": "1.1.4",
      "dev": true,
      "license": "MIT"
    },
    "node_modules/color-string": {
      "version": "2.1.4",
      "license": "MIT",
      "dependencies": {
        "color-name": "^2.0.0"
      },
      "engines": {
        "node": ">=18"
      }
    },
    "node_modules/color-string/node_modules/color-name": {
      "version": "2.1.0",
      "license": "MIT",
      "engines": {
        "node": ">=12.20"
      }
    },
    "node_modules/color/node_modules/color-convert": {
      "version": "3.1.3",
      "license": "MIT",
      "dependencies": {
        "color-name": "^2.0.0"
      },
      "engines": {
        "node": ">=14.6"
      }
    },
    "node_modules/color/node_modules/color-name": {
      "version": "2.1.0",
      "license": "MIT",
      "engines": {
        "node": ">=12.20"
      }
    },
    "node_modules/concurrently": {
      "version": "9.2.1",
      "resolved": "https://registry.npmjs.org/concurrently/-/concurrently-9.2.1.tgz",
      "integrity": "sha512-fsfrO0MxV64Znoy8/l1vVIjjHa29SZyyqPgQBwhiDcaW8wJc2W3XWVOGx4M3oJBnv/zdUZIIp1gDeS98GzP8Ng==",
      "dev": true,
      "license": "MIT",
      "dependencies": {
        "chalk": "4.1.2",
        "rxjs": "7.8.2",
        "shell-quote": "1.8.3",
        "supports-color": "8.1.1",
        "tree-kill": "1.2.2",
        "yargs": "17.7.2"
      },
      "bin": {
        "conc": "dist/bin/concurrently.js",
        "concurrently": "dist/bin/concurrently.js"
      },
      "engines": {
        "node": ">=18"
      },
      "funding": {
        "url": "https://github.com/open-cli-tools/concurrently?sponsor=1"
      }
    },
    "node_modules/cookie": {
      "version": "0.7.2",
      "license": "MIT",
      "engines": {
        "node": ">= 0.6"
      }
    },
    "node_modules/core-js": {
      "version": "3.49.0",
      "hasInstallScript": true,
      "license": "MIT",
      "optional": true,
      "funding": {
        "type": "opencollective",
        "url": "https://opencollective.com/core-js"
      }
    },
    "node_modules/cors": {
      "version": "2.8.6",
      "license": "MIT",
      "dependencies": {
        "object-assign": "^4",
        "vary": "^1"
      },
      "engines": {
        "node": ">= 0.10"
      },
      "funding": {
        "type": "opencollective",
        "url": "https://opencollective.com/express"
      }
    },
    "node_modules/css-line-break": {
      "version": "2.1.0",
      "license": "MIT",
      "optional": true,
      "dependencies": {
        "utrie": "^1.0.2"
      }
    },
    "node_modules/debug": {
      "version": "4.4.3",
      "license": "MIT",
      "dependencies": {
        "ms": "^2.1.3"
      },
      "engines": {
        "node": ">=6.0"
      },
      "peerDependenciesMeta": {
        "supports-color": {
          "optional": true
        }
      }
    },
    "node_modules/detect-libc": {
      "version": "2.1.2",
      "dev": true,
      "license": "Apache-2.0",
      "optional": true,
      "engines": {
        "node": ">=8"
      }
    },
    "node_modules/dompurify": {
      "version": "3.4.7",
      "license": "(MPL-2.0 OR Apache-2.0)",
      "optional": true,
      "optionalDependencies": {
        "@types/trusted-types": "^2.0.7"
      }
    },
    "node_modules/emoji-regex": {
      "version": "8.0.0",
      "dev": true,
      "license": "MIT"
    },
    "node_modules/enabled": {
      "version": "2.0.0",
      "license": "MIT"
    },
    "node_modules/engine.io": {
      "version": "6.6.8",
      "license": "MIT",
      "dependencies": {
        "@types/cors": "^2.8.12",
        "@types/node": ">=10.0.0",
        "@types/ws": "^8.5.12",
        "accepts": "~1.3.4",
        "base64id": "2.0.0",
        "cookie": "~0.7.2",
        "cors": "~2.8.5",
        "debug": "~4.4.1",
        "engine.io-parser": "~5.2.1",
        "ws": "~8.20.1"
      },
      "engines": {
        "node": ">=10.2.0"
      }
    },
    "node_modules/engine.io-parser": {
      "version": "5.2.3",
      "license": "MIT",
      "engines": {
        "node": ">=10.0.0"
      }
    },
    "node_modules/esbuild": {
      "version": "0.25.12",
      "dev": true,
      "hasInstallScript": true,
      "license": "MIT",
      "bin": {
        "esbuild": "bin/esbuild"
      },
      "engines": {
        "node": ">=18"
      },
      "optionalDependencies": {
        "@esbuild/aix-ppc64": "0.25.12",
        "@esbuild/android-arm": "0.25.12",
        "@esbuild/android-arm64": "0.25.12",
        "@esbuild/android-x64": "0.25.12",
        "@esbuild/darwin-arm64": "0.25.12",
        "@esbuild/darwin-x64": "0.25.12",
        "@esbuild/freebsd-arm64": "0.25.12",
        "@esbuild/freebsd-x64": "0.25.12",
        "@esbuild/linux-arm": "0.25.12",
        "@esbuild/linux-arm64": "0.25.12",
        "@esbuild/linux-ia32": "0.25.12",
        "@esbuild/linux-loong64": "0.25.12",
        "@esbuild/linux-mips64el": "0.25.12",
        "@esbuild/linux-ppc64": "0.25.12",
        "@esbuild/linux-riscv64": "0.25.12",
        "@esbuild/linux-s390x": "0.25.12",
        "@esbuild/linux-x64": "0.25.12",
        "@esbuild/netbsd-arm64": "0.25.12",
        "@esbuild/netbsd-x64": "0.25.12",
        "@esbuild/openbsd-arm64": "0.25.12",
        "@esbuild/openbsd-x64": "0.25.12",
        "@esbuild/openharmony-arm64": "0.25.12",
        "@esbuild/sunos-x64": "0.25.12",
        "@esbuild/win32-arm64": "0.25.12",
        "@esbuild/win32-ia32": "0.25.12",
        "@esbuild/win32-x64": "0.25.12"
      }
    },
    "node_modules/esbuild-linux-64": {
      "version": "0.14.54",
      "resolved": "https://registry.npmjs.org/esbuild-linux-64/-/esbuild-linux-64-0.14.54.tgz",
      "integrity": "sha512-EgjAgH5HwTbtNsTqQOXWApBaPVdDn7XcK+/PtJwZLT1UmpLoznPd8c5CxqsH2dQK3j05YsB3L17T8vE7cp4cCg==",
      "cpu": [
        "x64"
      ],
      "license": "MIT",
      "optional": true,
      "os": [
        "linux"
      ],
      "engines": {
        "node": ">=12"
      }
    },
    "node_modules/escalade": {
      "version": "3.2.0",
      "dev": true,
      "license": "MIT",
      "engines": {
        "node": ">=6"
      }
    },
    "node_modules/fast-png": {
      "version": "6.4.0",
      "license": "MIT",
      "dependencies": {
        "@types/pako": "^2.0.3",
        "iobuffer": "^5.3.2",
        "pako": "^2.1.0"
      }
    },
    "node_modules/fecha": {
      "version": "4.2.3",
      "license": "MIT"
    },
    "node_modules/fflate": {
      "version": "0.8.3",
      "license": "MIT"
    },
    "node_modules/fn.name": {
      "version": "1.1.0",
      "license": "MIT"
    },
    "node_modules/framer-motion": {
      "version": "12.40.0",
      "resolved": "https://registry.npmjs.org/framer-motion/-/framer-motion-12.40.0.tgz",
      "integrity": "sha512-uaBd3qC1v3KQqBEjwTUd183K6PbS+j0yR9w9VmEOLWA/tnUcSn8Xa3uck7t4dgpDoUss8xQTcj8W2L07lrnLFg==",
      "license": "MIT",
      "dependencies": {
        "motion-dom": "^12.40.0",
        "motion-utils": "^12.39.0",
        "tslib": "^2.4.0"
      },
      "peerDependencies": {
        "@emotion/is-prop-valid": "*",
        "react": "^18.0.0 || ^19.0.0",
        "react-dom": "^18.0.0 || ^19.0.0"
      },
      "peerDependenciesMeta": {
        "@emotion/is-prop-valid": {
          "optional": true
        },
        "react": {
          "optional": true
        },
        "react-dom": {
          "optional": true
        }
      }
    },
    "node_modules/get-caller-file": {
      "version": "2.0.5",
      "dev": true,
      "license": "ISC",
      "engines": {
        "node": "6.* || 8.* || >= 10.*"
      }
    },
    "node_modules/has-flag": {
      "version": "4.0.0",
      "dev": true,
      "license": "MIT",
      "engines": {
        "node": ">=8"
      }
    },
    "node_modules/html2canvas": {
      "version": "1.4.1",
      "license": "MIT",
      "optional": true,
      "dependencies": {
        "css-line-break": "^2.1.0",
        "text-segmentation": "^1.0.3"
      },
      "engines": {
        "node": ">=8.0.0"
      }
    },
    "node_modules/inherits": {
      "version": "2.0.4",
      "license": "ISC"
    },
    "node_modules/iobuffer": {
      "version": "5.4.0",
      "license": "MIT"
    },
    "node_modules/is-fullwidth-code-point": {
      "version": "3.0.0",
      "dev": true,
      "license": "MIT",
      "engines": {
        "node": ">=8"
      }
    },
    "node_modules/is-stream": {
      "version": "2.0.1",
      "license": "MIT",
      "engines": {
        "node": ">=8"
      },
      "funding": {
        "url": "https://github.com/sponsors/sindresorhus"
      }
    },
    "node_modules/jspdf": {
      "version": "4.2.1",
      "resolved": "https://registry.npmjs.org/jspdf/-/jspdf-4.2.1.tgz",
      "integrity": "sha512-YyAXyvnmjTbR4bHQRLzex3CuINCDlQnBqoSYyjJwTP2x9jDLuKDzy7aKUl0hgx3uhcl7xzg32agn5vlie6HIlQ==",
      "license": "MIT",
      "dependencies": {
        "@babel/runtime": "^7.28.6",
        "fast-png": "^6.2.0",
        "fflate": "^0.8.1"
      },
      "optionalDependencies": {
        "canvg": "^3.0.11",
        "core-js": "^3.6.0",
        "dompurify": "^3.3.1",
        "html2canvas": "^1.0.0-rc.5"
      }
    },
    "node_modules/kuler": {
      "version": "2.0.0",
      "license": "MIT"
    },
    "node_modules/lightningcss-linux-x64-gnu": {
      "version": "1.32.0",
      "resolved": "https://registry.npmjs.org/lightningcss-linux-x64-gnu/-/lightningcss-linux-x64-gnu-1.32.0.tgz",
      "integrity": "sha512-V7Qr52IhZmdKPVr+Vtw8o+WLsQJYCTd8loIfpDaMRWGUZfBOYEJeyJIkqGIDMZPwPx24pUMfwSxxI8phr/MbOA==",
      "cpu": [
        "x64"
      ],
      "license": "MPL-2.0",
      "optional": true,
      "os": [
        "linux"
      ],
      "engines": {
        "node": ">= 12.0.0"
      },
      "funding": {
        "type": "opencollective",
        "url": "https://opencollective.com/parcel"
      }
    },
    "node_modules/lightningcss-win32-x64-msvc": {
      "version": "1.32.0",
      "cpu": [
        "x64"
      ],
      "dev": true,
      "license": "MPL-2.0",
      "optional": true,
      "os": [
        "win32"
      ],
      "engines": {
        "node": ">= 12.0.0"
      },
      "funding": {
        "type": "opencollective",
        "url": "https://opencollective.com/parcel"
      }
    },
    "node_modules/logform": {
      "version": "2.7.0",
      "license": "MIT",
      "dependencies": {
        "@colors/colors": "1.6.0",
        "@types/triple-beam": "^1.3.2",
        "fecha": "^4.2.0",
        "ms": "^2.1.1",
        "safe-stable-stringify": "^2.3.1",
        "triple-beam": "^1.3.0"
      },
      "engines": {
        "node": ">= 12.0.0"
      }
    },
    "node_modules/lucide-react": {
      "version": "1.17.0",
      "resolved": "https://registry.npmjs.org/lucide-react/-/lucide-react-1.17.0.tgz",
      "integrity": "sha512-9FA9evdox/JQL5PT57fdA1x/yg8T7knJ98+zjTL3UfKza6pflQUUh3XtaQIHKvnsJw1lmsEyHVlt5jchYxOQ5w==",
      "license": "ISC",
      "peerDependencies": {
        "react": "^16.5.1 || ^17.0.0 || ^18.0.0 || ^19.0.0"
      }
    },
    "node_modules/mime-db": {
      "version": "1.52.0",
      "license": "MIT",
      "engines": {
        "node": ">= 0.6"
      }
    },
    "node_modules/mime-types": {
      "version": "2.1.35",
      "license": "MIT",
      "dependencies": {
        "mime-db": "1.52.0"
      },
      "engines": {
        "node": ">= 0.6"
      }
    },
    "node_modules/motion-dom": {
      "version": "12.40.0",
      "license": "MIT",
      "dependencies": {
        "motion-utils": "^12.39.0"
      }
    },
    "node_modules/motion-utils": {
      "version": "12.39.0",
      "license": "MIT"
    },
    "node_modules/ms": {
      "version": "2.1.3",
      "license": "MIT"
    },
    "node_modules/nanoid": {
      "version": "3.3.12",
      "dev": true,
      "funding": [
        {
          "type": "github",
          "url": "https://github.com/sponsors/ai"
        }
      ],
      "license": "MIT",
      "bin": {
        "nanoid": "bin/nanoid.cjs"
      },
      "engines": {
        "node": "^10 || ^12 || ^13.7 || ^14 || >=15.0.1"
      }
    },
    "node_modules/negotiator": {
      "version": "0.6.3",
      "license": "MIT",
      "engines": {
        "node": ">= 0.6"
      }
    },
    "node_modules/object-assign": {
      "version": "4.1.1",
      "license": "MIT",
      "engines": {
        "node": ">=0.10.0"
      }
    },
    "node_modules/one-time": {
      "version": "1.0.0",
      "license": "MIT",
      "dependencies": {
        "fn.name": "1.x.x"
      }
    },
    "node_modules/pako": {
      "version": "2.1.0",
      "license": "(MIT AND Zlib)"
    },
    "node_modules/performance-now": {
      "version": "2.1.0",
      "license": "MIT",
      "optional": true
    },
    "node_modules/picocolors": {
      "version": "1.1.1",
      "dev": true,
      "license": "ISC"
    },
    "node_modules/postcss": {
      "version": "8.5.15",
      "dev": true,
      "funding": [
        {
          "type": "opencollective",
          "url": "https://opencollective.com/postcss/"
        },
        {
          "type": "tidelift",
          "url": "https://tidelift.com/funding/github/npm/postcss"
        },
        {
          "type": "github",
          "url": "https://github.com/sponsors/ai"
        }
      ],
      "license": "MIT",
      "dependencies": {
        "nanoid": "^3.3.12",
        "picocolors": "^1.1.1",
        "source-map-js": "^1.2.1"
      },
      "engines": {
        "node": "^10 || ^12 || >=14"
      }
    },
    "node_modules/raf": {
      "version": "3.4.1",
      "license": "MIT",
      "optional": true,
      "dependencies": {
        "performance-now": "^2.1.0"
      }
    },
    "node_modules/react": {
      "version": "19.2.6",
      "license": "MIT",
      "peer": true,
      "engines": {
        "node": ">=0.10.0"
      }
    },
    "node_modules/regenerator-runtime": {
      "version": "0.13.11",
      "license": "MIT",
      "optional": true
    },
    "node_modules/require-directory": {
      "version": "2.1.1",
      "dev": true,
      "license": "MIT",
      "engines": {
        "node": ">=0.10.0"
      }
    },
    "node_modules/rgbcolor": {
      "version": "1.0.1",
      "license": "MIT OR SEE LICENSE IN FEEL-FREE.md",
      "optional": true,
      "engines": {
        "node": ">= 0.8.15"
      }
    },
    "node_modules/rollup": {
      "version": "4.60.4",
      "dev": true,
      "license": "MIT",
      "dependencies": {
        "@types/estree": "1.0.8"
      },
      "bin": {
        "rollup": "dist/bin/rollup"
      },
      "engines": {
        "node": ">=18.0.0",
        "npm": ">=8.0.0"
      },
      "optionalDependencies": {
        "@rollup/rollup-android-arm-eabi": "4.60.4",
        "@rollup/rollup-android-arm64": "4.60.4",
        "@rollup/rollup-darwin-arm64": "4.60.4",
        "@rollup/rollup-darwin-x64": "4.60.4",
        "@rollup/rollup-freebsd-arm64": "4.60.4",
        "@rollup/rollup-freebsd-x64": "4.60.4",
        "@rollup/rollup-linux-arm-gnueabihf": "4.60.4",
        "@rollup/rollup-linux-arm-musleabihf": "4.60.4",
        "@rollup/rollup-linux-arm64-gnu": "4.60.4",
        "@rollup/rollup-linux-arm64-musl": "4.60.4",
        "@rollup/rollup-linux-loong64-gnu": "4.60.4",
        "@rollup/rollup-linux-loong64-musl": "4.60.4",
        "@rollup/rollup-linux-ppc64-gnu": "4.60.4",
        "@rollup/rollup-linux-ppc64-musl": "4.60.4",
        "@rollup/rollup-linux-riscv64-gnu": "4.60.4",
        "@rollup/rollup-linux-riscv64-musl": "4.60.4",
        "@rollup/rollup-linux-s390x-gnu": "4.60.4",
        "@rollup/rollup-linux-x64-gnu": "4.60.4",
        "@rollup/rollup-linux-x64-musl": "4.60.4",
        "@rollup/rollup-openbsd-x64": "4.60.4",
        "@rollup/rollup-openharmony-arm64": "4.60.4",
        "@rollup/rollup-win32-arm64-msvc": "4.60.4",
        "@rollup/rollup-win32-ia32-msvc": "4.60.4",
        "@rollup/rollup-win32-x64-gnu": "4.60.4",
        "@rollup/rollup-win32-x64-msvc": "4.60.4",
        "fsevents": "~2.3.2"
      }
    },
    "node_modules/rollup/node_modules/@types/estree": {
      "version": "1.0.8",
      "dev": true,
      "license": "MIT"
    },
    "node_modules/rxjs": {
      "version": "7.8.2",
      "dev": true,
      "license": "Apache-2.0",
      "dependencies": {
        "tslib": "^2.1.0"
      }
    },
    "node_modules/safe-stable-stringify": {
      "version": "2.5.0",
      "license": "MIT",
      "engines": {
        "node": ">=10"
      }
    },
    "node_modules/scheduler": {
      "version": "0.27.0",
      "license": "MIT",
      "optional": true
    },
    "node_modules/shell-quote": {
      "version": "1.8.3",
      "dev": true,
      "license": "MIT",
      "engines": {
        "node": ">= 0.4"
      },
      "funding": {
        "url": "https://github.com/sponsors/ljharb"
      }
    },
    "node_modules/socket.io": {
      "version": "4.8.3",
      "resolved": "https://registry.npmjs.org/socket.io/-/socket.io-4.8.3.tgz",
      "integrity": "sha512-2Dd78bqzzjE6KPkD5fHZmDAKRNe3J15q+YHDrIsy9WEkqttc7GY+kT9OBLSMaPbQaEd0x1BjcmtMtXkfpc+T5A==",
      "license": "MIT",
      "dependencies": {
        "accepts": "~1.3.4",
        "base64id": "~2.0.0",
        "cors": "~2.8.5",
        "debug": "~4.4.1",
        "engine.io": "~6.6.0",
        "socket.io-adapter": "~2.5.2",
        "socket.io-parser": "~4.2.4"
      },
      "engines": {
        "node": ">=10.2.0"
      }
    },
    "node_modules/socket.io-adapter": {
      "version": "2.5.7",
      "license": "MIT",
      "dependencies": {
        "debug": "~4.4.1",
        "ws": "~8.20.1"
      }
    },
    "node_modules/socket.io-parser": {
      "version": "4.2.6",
      "license": "MIT",
      "dependencies": {
        "@socket.io/component-emitter": "~3.1.0",
        "debug": "~4.4.1"
      },
      "engines": {
        "node": ">=10.0.0"
      }
    },
    "node_modules/source-map-js": {
      "version": "1.2.1",
      "dev": true,
      "license": "BSD-3-Clause",
      "engines": {
        "node": ">=0.10.0"
      }
    },
    "node_modules/stack-trace": {
      "version": "0.0.10",
      "license": "MIT",
      "engines": {
        "node": "*"
      }
    },
    "node_modules/stackblur-canvas": {
      "version": "2.7.0",
      "license": "MIT",
      "optional": true,
      "engines": {
        "node": ">=0.1.14"
      }
    },
    "node_modules/story-spark-ai-backend": {
      "resolved": "backend",
      "link": true
    },
    "node_modules/story-spark-ai-frontend": {
      "resolved": "frontend",
      "link": true
    },
    "node_modules/string_decoder": {
      "version": "1.1.1",
      "license": "MIT",
      "dependencies": {
        "safe-buffer": "~5.1.0"
      }
    },
    "node_modules/string_decoder/node_modules/safe-buffer": {
      "version": "5.1.2",
      "license": "MIT"
    },
    "node_modules/string-width": {
      "version": "4.2.3",
      "dev": true,
      "license": "MIT",
      "dependencies": {
        "emoji-regex": "^8.0.0",
        "is-fullwidth-code-point": "^3.0.0",
        "strip-ansi": "^6.0.1"
      },
      "engines": {
        "node": ">=8"
      }
    },
    "node_modules/strip-ansi": {
      "version": "6.0.1",
      "dev": true,
      "license": "MIT",
      "dependencies": {
        "ansi-regex": "^5.0.1"
      },
      "engines": {
        "node": ">=8"
      }
    },
    "node_modules/supports-color": {
      "version": "8.1.1",
      "dev": true,
      "license": "MIT",
      "dependencies": {
        "has-flag": "^4.0.0"
      },
      "engines": {
        "node": ">=10"
      },
      "funding": {
        "url": "https://github.com/chalk/supports-color?sponsor=1"
      }
    },
    "node_modules/svg-pathdata": {
      "version": "6.0.3",
      "license": "MIT",
      "optional": true,
      "engines": {
        "node": ">=12.0.0"
      }
    },
    "node_modules/text-hex": {
      "version": "1.0.0",
      "license": "MIT"
    },
    "node_modules/text-segmentation": {
      "version": "1.0.3",
      "license": "MIT",
      "optional": true,
      "dependencies": {
        "utrie": "^1.0.2"
      }
    },
    "node_modules/tinyglobby": {
      "version": "0.2.16",
      "dev": true,
      "license": "MIT",
      "dependencies": {
        "fdir": "^6.5.0",
        "picomatch": "^4.0.4"
      },
      "engines": {
        "node": ">=12.0.0"
      },
      "funding": {
        "url": "https://github.com/sponsors/SuperchupuDev"
      }
    },
    "node_modules/tinyglobby/node_modules/fdir": {
      "version": "6.5.0",
      "dev": true,
      "license": "MIT",
      "engines": {
        "node": ">=12.0.0"
      },
      "peerDependencies": {
        "picomatch": "^3 || ^4"
      },
      "peerDependenciesMeta": {
        "picomatch": {
          "optional": true
        }
      }
    },
    "node_modules/tinyglobby/node_modules/picomatch": {
      "version": "4.0.4",
      "dev": true,
      "license": "MIT",
      "peer": true,
      "engines": {
        "node": ">=12"
      },
      "funding": {
        "url": "https://github.com/sponsors/jonschlinkert"
      }
    },
    "node_modules/tree-kill": {
      "version": "1.2.2",
      "dev": true,
      "license": "MIT",
      "bin": {
        "tree-kill": "cli.js"
      }
    },
    "node_modules/triple-beam": {
      "version": "1.4.1",
      "license": "MIT",
      "engines": {
        "node": ">= 14.0.0"
      }
    },
    "node_modules/tslib": {
      "version": "2.8.1",
      "license": "0BSD"
    },
    "node_modules/undici-types": {
      "version": "6.21.0",
      "dev": true,
      "license": "MIT"
    },
    "node_modules/util-deprecate": {
      "version": "1.0.2",
      "license": "MIT"
    },
    "node_modules/utrie": {
      "version": "1.0.2",
      "license": "MIT",
      "optional": true,
      "dependencies": {
        "base64-arraybuffer": "^1.0.2"
      }
    },
    "node_modules/uuid": {
      "version": "11.1.1",
      "funding": [
        "https://github.com/sponsors/broofa",
        "https://github.com/sponsors/ctavan"
      ],
      "license": "MIT",
      "bin": {
        "uuid": "dist/esm/bin/uuid"
      }
    },
    "node_modules/vary": {
      "version": "1.1.2",
      "license": "MIT",
      "engines": {
        "node": ">= 0.8"
      }
    },
    "node_modules/vite": {
      "version": "6.4.2",
      "dev": true,
      "license": "MIT",
      "dependencies": {
        "esbuild": "^0.25.0",
        "fdir": "^6.4.4",
        "picomatch": "^4.0.2",
        "postcss": "^8.5.3",
        "rollup": "^4.34.9",
        "tinyglobby": "^0.2.13"
      },
      "bin": {
        "vite": "bin/vite.js"
      },
      "engines": {
        "node": "^18.0.0 || ^20.0.0 || >=22.0.0"
      },
      "funding": {
        "url": "https://github.com/vitejs/vite?sponsor=1"
      },
      "optionalDependencies": {
        "fsevents": "~2.3.3"
      },
      "peerDependencies": {
        "@types/node": "^18.0.0 || ^20.0.0 || >=22.0.0",
        "jiti": ">=1.21.0",
        "less": "*",
        "lightningcss": "^1.21.0",
        "sass": "*",
        "sass-embedded": "*",
        "stylus": "*",
        "sugarss": "*",
        "terser": "^5.16.0",
        "tsx": "^4.8.1",
        "yaml": "^2.4.2"
      },
      "peerDependenciesMeta": {
        "@types/node": {
          "optional": true
        },
        "jiti": {
          "optional": true
        },
        "less": {
          "optional": true
        },
        "lightningcss": {
          "optional": true
        },
        "sass": {
          "optional": true
        },
        "sass-embedded": {
          "optional": true
        },
        "stylus": {
          "optional": true
        },
        "sugarss": {
          "optional": true
        },
        "terser": {
          "optional": true
        },
        "tsx": {
          "optional": true
        },
        "yaml": {
          "optional": true
        }
      }
    },
    "node_modules/vite/node_modules/fdir": {
      "version": "6.5.0",
      "dev": true,
      "license": "MIT",
      "engines": {
        "node": ">=12.0.0"
      },
      "peerDependencies": {
        "picomatch": "^3 || ^4"
      },
      "peerDependenciesMeta": {
        "picomatch": {
          "optional": true
        }
      }
    },
    "node_modules/vite/node_modules/picomatch": {
      "version": "4.0.4",
      "dev": true,
      "license": "MIT",
      "peer": true,
      "engines": {
        "node": ">=12"
      },
      "funding": {
        "url": "https://github.com/sponsors/jonschlinkert"
      }
    },
    "node_modules/winston": {
      "version": "3.19.0",
      "license": "MIT",
      "dependencies": {
        "@colors/colors": "^1.6.0",
        "@dabh/diagnostics": "^2.0.8",
        "async": "^3.2.3",
        "is-stream": "^2.0.0",
        "logform": "^2.7.0",
        "one-time": "^1.0.0",
        "readable-stream": "^3.4.0",
        "safe-stable-stringify": "^2.3.1",
        "stack-trace": "0.0.x",
        "triple-beam": "^1.3.0",
        "winston-transport": "^4.9.0"
      },
      "engines": {
        "node": ">= 12.0.0"
      }
    },
    "node_modules/winston-transport": {
      "version": "4.9.0",
      "license": "MIT",
      "dependencies": {
        "logform": "^2.7.0",
        "readable-stream": "^3.6.2",
        "triple-beam": "^1.3.0"
      },
      "engines": {
        "node": ">= 12.0.0"
      }
    },
    "node_modules/winston-transport/node_modules/readable-stream": {
      "version": "3.6.2",
      "license": "MIT",
      "dependencies": {
        "inherits": "^2.0.3",
        "string_decoder": "^1.1.1",
        "util-deprecate": "^1.0.1"
      },
      "engines": {
        "node": ">= 6"
      }
    },
    "node_modules/winston/node_modules/readable-stream": {
      "version": "3.6.2",
      "license": "MIT",
      "dependencies": {
        "inherits": "^2.0.3",
        "string_decoder": "^1.1.1",
        "util-deprecate": "^1.0.1"
      },
      "engines": {
        "node": ">= 6"
      }
    },
    "node_modules/wrap-ansi": {
      "version": "7.0.0",
      "dev": true,
      "license": "MIT",
      "dependencies": {
        "ansi-styles": "^4.0.0",
        "string-width": "^4.1.0",
        "strip-ansi": "^6.0.0"
      },
      "engines": {
        "node": ">=10"
      },
      "funding": {
        "url": "https://github.com/chalk/wrap-ansi?sponsor=1"
      }
    },
    "node_modules/ws": {
      "version": "8.20.1",
      "license": "MIT",
      "engines": {
        "node": ">=10.0.0"
      },
      "peerDependencies": {
        "bufferutil": "^4.0.1",
        "utf-8-validate": ">=5.0.2"
      },
      "peerDependenciesMeta": {
        "bufferutil": {
          "optional": true
        },
        "utf-8-validate": {
          "optional": true
        }
      }
    },
    "node_modules/y18n": {
      "version": "5.0.8",
      "dev": true,
      "license": "ISC",
      "engines": {
        "node": ">=10"
      }
    },
    "node_modules/yargs": {
      "version": "17.7.2",
      "dev": true,
      "license": "MIT",
      "dependencies": {
        "cliui": "^8.0.1",
        "escalade": "^3.1.1",
        "get-caller-file": "^2.0.5",
        "require-directory": "^2.1.1",
        "string-width": "^4.2.3",
        "y18n": "^5.0.5",
        "yargs-parser": "^21.1.1"
      },
      "engines": {
        "node": ">=12"
      }
    },
    "node_modules/yargs-parser": {
      "version": "21.1.1",
      "dev": true,
      "license": "ISC",
      "engines": {
        "node": ">=12"
      }
    },
    "node_modules/zod": {
      "version": "3.25.76",
      "license": "MIT",
      "funding": {
        "url": "https://github.com/sponsors/colinhacks"
      }
    }
  }
}
